// !$*UTF8*$!
{
	archiveVersion = 1;
	classes = {
	};
	objectVersion = 56;
	objects = {

/* Begin PBXBuildFile section */
		642E8B2C2BCBDE130080A823 /* LandmarksApp.swift in Sources */ = {isa = PBXBuildFile; fileRef = 642E8B2B2BCBDE130080A823 /* LandmarksApp.swift */; };
		642E8B2E2BCBDE130080A823 /* ContentView.swift in Sources */ = {isa = PBXBuildFile; fileRef = 642E8B2D2BCBDE130080A823 /* ContentView.swift */; };
		642E8B302BCBDE150080A823 /* Assets.xcassets in Resources */ = {isa = PBXBuildFile; fileRef = 642E8B2F2BCBDE150080A823 /* Assets.xcassets */; };
		642E8B332BCBDE150080A823 /* Preview Assets.xcassets in Resources */ = {isa = PBXBuildFile; fileRef = 642E8B322BCBDE150080A823 /* Preview Assets.xcassets */; };
		642E8B3A2BCBE24B0080A823 /* CircleImage.swift in Sources */ = {isa = PBXBuildFile; fileRef = 642E8B392BCBE24B0080A823 /* CircleImage.swift */; };
		642E8B3E2BCBE4D20080A823 /* MapView.swift in Sources */ = {isa = PBXBuildFile; fileRef = 642E8B3D2BCBE4D20080A823 /* MapView.swift */; };
		642E8B402BCBF25A0080A823 /* Landmark.swift in Sources */ = {isa = PBXBuildFile; fileRef = 642E8B3F2BCBF25A0080A823 /* Landmark.swift */; };
		642E8B422BCBF37C0080A823 /* ModelData.swift in Sources */ = {isa = PBXBuildFile; fileRef = 642E8B412BCBF37C0080A823 /* ModelData.swift */; };
		642E8B482BCC0F4F0080A823 /* landmarkData.json in Resources */ = {isa = PBXBuildFile; fileRef = 642E8B472BCC0F4F0080A823 /* landmarkData.json */; };
		642E8B4B2BCC124F0080A823 /* LandmarkList.swift in Sources */ = {isa = PBXBuildFile; fileRef = 642E8B4A2BCC124F0080A823 /* LandmarkList.swift */; };
		642E8B4D2BCD27550080A823 /* LandmarkDetail.swift in Sources */ = {isa = PBXBuildFile; fileRef = 642E8B4C2BCD27550080A823 /* LandmarkDetail.swift */; };
		642E8B4F2BCE85550080A823 /* FavoriteButton.swift in Sources */ = {isa = PBXBuildFile; fileRef = 642E8B4E2BCE85550080A823 /* FavoriteButton.swift */; };
		642E8B562BCE8A690080A823 /* LandmarkRow.swift in Sources */ = {isa = PBXBuildFile; fileRef = 642E8B552BCE8A690080A823 /* LandmarkRow.swift */; };
		645B2A122BCEAD07007C06DB /* CategoryHome.swift in Sources */ = {isa = PBXBuildFile; fileRef = 645B2A112BCEAD07007C06DB /* CategoryHome.swift */; };
		645B2A142BCFC201007C06DB /* CategoryRow.swift in Sources */ = {isa = PBXBuildFile; fileRef = 645B2A132BCFC201007C06DB /* CategoryRow.swift */; };
		645B2A162BCFC508007C06DB /* CategoryItem.swift in Sources */ = {isa = PBXBuildFile; fileRef = 645B2A152BCFC508007C06DB /* CategoryItem.swift */; };
/* End PBXBuildFile section */

/* Begin PBXFileReference section */
		642E8B282BCBDE130080A823 /* Landmarks.app */ = {isa = PBXFileReference; explicitFileType = wrapper.application; includeInIndex = 0; path = Landmarks.app; sourceTree = BUILT_PRODUCTS_DIR; };
		642E8B2B2BCBDE130080A823 /* LandmarksApp.swift */ = {isa = PBXFileReference; lastKnownFileType = sourcecode.swift; path = LandmarksApp.swift; sourceTree = "<group>"; };
		642E8B2D2BCBDE130080A823 /* ContentView.swift */ = {isa = PBXFileReference; lastKnownFileType = sourcecode.swift; path = ContentView.swift; sourceTree = "<group>"; };
		642E8B2F2BCBDE150080A823 /* Assets.xcassets */ = {isa = PBXFileReference; lastKnownFileType = folder.assetcatalog; path = Assets.xcassets; sourceTree = "<group>"; };
		642E8B322BCBDE150080A823 /* Preview Assets.xcassets */ = {isa = PBXFileReference; lastKnownFileType = folder.assetcatalog; path = "Preview Assets.xcassets"; sourceTree = "<group>"; };
		642E8B392BCBE24B0080A823 /* CircleImage.swift */ = {isa = PBXFileReference; lastKnownFileType = sourcecode.swift; path = CircleImage.swift; sourceTree = "<group>"; };
		642E8B3D2BCBE4D20080A823 /* MapView.swift */ = {isa = PBXFileReference; lastKnownFileType = sourcecode.swift; path = MapView.swift; sourceTree = "<group>"; };
		642E8B3F2BCBF25A0080A823 /* Landmark.swift */ = {isa = PBXFileReference; lastKnownFileType = sourcecode.swift; path = Landmark.swift; sourceTree = "<group>"; };
		642E8B412BCBF37C0080A823 /* ModelData.swift */ = {isa = PBXFileReference; lastKnownFileType = sourcecode.swift; path = ModelData.swift; sourceTree = "<group>"; };
		642E8B472BCC0F4F0080A823 /* landmarkData.json */ = {isa = PBXFileReference; fileEncoding = 4; lastKnownFileType = text.json; path = landmarkData.json; sourceTree = "<group>"; };
		642E8B4A2BCC124F0080A823 /* LandmarkList.swift */ = {isa = PBXFileReference; lastKnownFileType = sourcecode.swift; path = LandmarkList.swift; sourceTree = "<group>"; };
		642E8B4C2BCD27550080A823 /* LandmarkDetail.swift */ = {isa = PBXFileReference; lastKnownFileType = sourcecode.swift; path = LandmarkDetail.swift; sourceTree = "<group>"; };
		642E8B4E2BCE85550080A823 /* FavoriteButton.swift */ = {isa = PBXFileReference; lastKnownFileType = sourcecode.swift; path = FavoriteButton.swift; sourceTree = "<group>"; };
		642E8B552BCE8A690080A823 /* LandmarkRow.swift */ = {isa = PBXFileReference; lastKnownFileType = sourcecode.swift; path = LandmarkRow.swift; sourceTree = "<group>"; };
		645B2A112BCEAD07007C06DB /* CategoryHome.swift */ = {isa = PBXFileReference; lastKnownFileType = sourcecode.swift; path = CategoryHome.swift; sourceTree = "<group>"; };
		645B2A132BCFC201007C06DB /* CategoryRow.swift */ = {isa = PBXFileReference; lastKnownFileType = sourcecode.swift; path = CategoryRow.swift; sourceTree = "<group>"; };
		645B2A152BCFC508007C06DB /* CategoryItem.swift */ = {isa = PBXFileReference; lastKnownFileType = sourcecode.swift; path = CategoryItem.swift; sourceTree = "<group>"; };
/* End PBXFileReference section */

/* Begin PBXFrameworksBuildPhase section */
		642E8B252BCBDE130080A823 /* Frameworks */ = {
			isa = PBXFrameworksBuildPhase;
			buildActionMask = 2147483647;
			files = (
			);
			runOnlyForDeploymentPostprocessing = 0;
		};
/* End PBXFrameworksBuildPhase section */

/* Begin PBXGroup section */
		642E8B1F2BCBDE130080A823 = {
			isa = PBXGroup;
			children = (
				642E8B2A2BCBDE130080A823 /* Landmarks */,
				642E8B292BCBDE130080A823 /* Products */,
			);
			sourceTree = "<group>";
		};
		642E8B292BCBDE130080A823 /* Products */ = {
			isa = PBXGroup;
			children = (
				642E8B282BCBDE130080A823 /* Landmarks.app */,
			);
			name = Products;
			sourceTree = "<group>";
		};
		642E8B2A2BCBDE130080A823 /* Landmarks */ = {
			isa = PBXGroup;
			children = (
				645B2A102BCEACEB007C06DB /* Categories */,
				642E8B2B2BCBDE130080A823 /* LandmarksApp.swift */,
				642E8B512BCE882C0080A823 /* Landmarks */,
				642E8B502BCE880A0080A823 /* Helper */,
				642E8B492BCC0F780080A823 /* Resources */,
				642E8B442BCBF4B10080A823 /* Model */,
				642E8B432BCBF4640080A823 /* Views */,
				642E8B312BCBDE150080A823 /* Preview Content */,
			);
			path = Landmarks;
			sourceTree = "<group>";
		};
		642E8B312BCBDE150080A823 /* Preview Content */ = {
			isa = PBXGroup;
			children = (
				642E8B322BCBDE150080A823 /* Preview Assets.xcassets */,
			);
			path = "Preview Content";
			sourceTree = "<group>";
		};
		642E8B432BCBF4640080A823 /* Views */ = {
			isa = PBXGroup;
			children = (
				642E8B2D2BCBDE130080A823 /* ContentView.swift */,
			);
			path = Views;
			sourceTree = "<group>";
		};
		642E8B442BCBF4B10080A823 /* Model */ = {
			isa = PBXGroup;
			children = (
				642E8B3F2BCBF25A0080A823 /* Landmark.swift */,
				642E8B412BCBF37C0080A823 /* ModelData.swift */,
			);
			path = Model;
			sourceTree = "<group>";
		};
		642E8B492BCC0F780080A823 /* Resources */ = {
			isa = PBXGroup;
			children = (
				642E8B472BCC0F4F0080A823 /* landmarkData.json */,
				642E8B2F2BCBDE150080A823 /* Assets.xcassets */,
			);
			path = Resources;
			sourceTree = "<group>";
		};
		642E8B502BCE880A0080A823 /* Helper */ = {
			isa = PBXGroup;
			children = (
				642E8B392BCBE24B0080A823 /* CircleImage.swift */,
				642E8B3D2BCBE4D20080A823 /* MapView.swift */,
				642E8B4E2BCE85550080A823 /* FavoriteButton.swift */,
			);
			path = Helper;
			sourceTree = "<group>";
		};
		642E8B512BCE882C0080A823 /* Landmarks */ = {
			isa = PBXGroup;
			children = (
				642E8B4C2BCD27550080A823 /* LandmarkDetail.swift */,
				642E8B4A2BCC124F0080A823 /* LandmarkList.swift */,
				642E8B552BCE8A690080A823 /* LandmarkRow.swift */,
			);
			path = Landmarks;
			sourceTree = "<group>";
		};
		645B2A102BCEACEB007C06DB /* Categories */ = {
			isa = PBXGroup;
			children = (
				645B2A112BCEAD07007C06DB /* CategoryHome.swift */,
				645B2A152BCFC508007C06DB /* CategoryItem.swift */,
				645B2A132BCFC201007C06DB /* CategoryRow.swift */,
			);
			path = Categories;
			sourceTree = "<group>";
		};
/* End PBXGroup section */

/* Begin PBXNativeTarget section */
		642E8B272BCBDE130080A823 /* Landmarks */ = {
			isa = PBXNativeTarget;
			buildConfigurationList = 642E8B362BCBDE150080A823 /* Build configuration list for PBXNativeTarget "Landmarks" */;
			buildPhases = (
				642E8B242BCBDE130080A823 /* Sources */,
				642E8B252BCBDE130080A823 /* Frameworks */,
				642E8B262BCBDE130080A823 /* Resources */,
			);
			buildRules = (
			);
			dependencies = (
			);
			name = Landmarks;
			productName = Landmarks;
			productReference = 642E8B282BCBDE130080A823 /* Landmarks.app */;
			productType = "com.apple.product-type.application";
		};
/* End PBXNativeTarget section */

/* Begin PBXProject section */
		642E8B202BCBDE130080A823 /* Project object */ = {
			isa = PBXProject;
			attributes = {
				BuildIndependentTargetsInParallel = 1;
				LastSwiftUpdateCheck = 1530;
				LastUpgradeCheck = 1530;
				TargetAttributes = {
					642E8B272BCBDE130080A823 = {
						CreatedOnToolsVersion = 15.3;
					};
				};
			};
			buildConfigurationList = 642E8B232BCBDE130080A823 /* Build configuration list for PBXProject "Landmarks" */;
			compatibilityVersion = "Xcode 14.0";
			developmentRegion = en;
			hasScannedForEncodings = 0;
			knownRegions = (
				en,
				Base,
			);
			mainGroup = 642E8B1F2BCBDE130080A823;
			productRefGroup = 642E8B292BCBDE130080A823 /* Products */;
			projectDirPath = "";
			projectRoot = "";
			targets = (
				642E8B272BCBDE130080A823 /* Landmarks */,
			);
		};
/* End PBXProject section */

/* Begin PBXResourcesBuildPhase section */
		642E8B262BCBDE130080A823 /* Resources */ = {
			isa = PBXResourcesBuildPhase;
			buildActionMask = 2147483647;
			files = (
				642E8B332BCBDE150080A823 /* Preview Assets.xcassets in Resources */,
				642E8B302BCBDE150080A823 /* Assets.xcassets in Resources */,
				642E8B482BCC0F4F0080A823 /* landmarkData.json in Resources */,
			);
			runOnlyForDeploymentPostprocessing = 0;
		};
/* End PBXResourcesBuildPhase section */

/* Begin PBXSourcesBuildPhase section */
		642E8B242BCBDE130080A823 /* Sources */ = {
			isa = PBXSourcesBuildPhase;
			buildActionMask = 2147483647;
			files = (
				642E8B2E2BCBDE130080A823 /* ContentView.swift in Sources */,
				642E8B2C2BCBDE130080A823 /* LandmarksApp.swift in Sources */,
				642E8B3E2BCBE4D20080A823 /* MapView.swift in Sources */,
				642E8B4B2BCC124F0080A823 /* LandmarkList.swift in Sources */,
				645B2A122BCEAD07007C06DB /* CategoryHome.swift in Sources */,
				642E8B4D2BCD27550080A823 /* LandmarkDetail.swift in Sources */,
				642E8B4F2BCE85550080A823 /* FavoriteButton.swift in Sources */,
				642E8B422BCBF37C0080A823 /* ModelData.swift in Sources */,
				645B2A162BCFC508007C06DB /* CategoryItem.swift in Sources */,
				642E8B3A2BCBE24B0080A823 /* CircleImage.swift in Sources */,
				642E8B562BCE8A690080A823 /* LandmarkRow.swift in Sources */,
				645B2A142BCFC201007C06DB /* CategoryRow.swift in Sources */,
				642E8B402BCBF25A0080A823 /* Landmark.swift in Sources */,
			);
			runOnlyForDeploymentPostprocessing = 0;
		};
/* End PBXSourcesBuildPhase section */

/* Begin XCBuildConfiguration section */
		642E8B342BCBDE150080A823 /* Debug */ = {
			isa = XCBuildConfiguration;
			buildSettings = {
				ALWAYS_SEARCH_USER_PATHS = NO;
				ASSETCATALOG_COMPILER_GENERATE_SWIFT_ASSET_SYMBOL_EXTENSIONS = YES;
				CLANG_ANALYZER_NONNULL = YES;
				CLANG_ANALYZER_NUMBER_OBJECT_CONVERSION = YES_AGGRESSIVE;
				CLANG_CXX_LANGUAGE_STANDARD = "gnu++20";
				CLANG_ENABLE_MODULES = YES;
				CLANG_ENABLE_OBJC_ARC = YES;
				CLANG_ENABLE_OBJC_WEAK = YES;
				CLANG_WARN_BLOCK_CAPTURE_AUTORELEASING = YES;
				CLANG_WARN_BOOL_CONVERSION = YES;
				CLANG_WARN_COMMA = YES;
				CLANG_WARN_CONSTANT_CONVERSION = YES;
				CLANG_WARN_DEPRECATED_OBJC_IMPLEMENTATIONS = YES;
				CLANG_WARN_DIRECT_OBJC_ISA_USAGE = YES_ERROR;
				CLANG_WARN_DOCUMENTATION_COMMENTS = YES;
				CLANG_WARN_EMPTY_BODY = YES;
				CLANG_WARN_ENUM_CONVERSION = YES;
				CLANG_WARN_INFINITE_RECURSION = YES;
				CLANG_WARN_INT_CONVERSION = YES;
				CLANG_WARN_NON_LITERAL_NULL_CONVERSION = YES;
				CLANG_WARN_OBJC_IMPLICIT_RETAIN_SELF = YES;
				CLANG_WARN_OBJC_LITERAL_CONVERSION = YES;
				CLANG_WARN_OBJC_ROOT_CLASS = YES_ERROR;
				CLANG_WARN_QUOTED_INCLUDE_IN_FRAMEWORK_HEADER = YES;
				CLANG_WARN_RANGE_LOOP_ANALYSIS = YES;
				CLANG_WARN_STRICT_PROTOTYPES = YES;
				CLANG_WARN_SUSPICIOUS_MOVE = YES;
				CLANG_WARN_UNGUARDED_AVAILABILITY = YES_AGGRESSIVE;
				CLANG_WARN_UNREACHABLE_CODE = YES;
				CLANG_WARN__DUPLICATE_METHOD_MATCH = YES;
				COPY_PHASE_STRIP = NO;
				DEBUG_INFORMATION_FORMAT = dwarf;
				ENABLE_STRICT_OBJC_MSGSEND = YES;
				ENABLE_TESTABILITY = YES;
				ENABLE_USER_SCRIPT_SANDBOXING = YES;
				GCC_C_LANGUAGE_STANDARD = gnu17;
				GCC_DYNAMIC_NO_PIC = NO;
				GCC_NO_COMMON_BLOCKS = YES;
				GCC_OPTIMIZATION_LEVEL = 0;
				GCC_PREPROCESSOR_DEFINITIONS = (
					"DEBUG=1",
					"$(inherited)",
				);
				GCC_WARN_64_TO_32_BIT_CONVERSION = YES;
				GCC_WARN_ABOUT_RETURN_TYPE = YES_ERROR;
				GCC_WARN_UNDECLARED_SELECTOR = YES;
				GCC_WARN_UNINITIALIZED_AUTOS = YES_AGGRESSIVE;
				GCC_WARN_UNUSED_FUNCTION = YES;
				GCC_WARN_UNUSED_VARIABLE = YES;
				IPHONEOS_DEPLOYMENT_TARGET = 17.4;
				LOCALIZATION_PREFERS_STRING_CATALOGS = YES;
				MTL_ENABLE_DEBUG_INFO = INCLUDE_SOURCE;
				MTL_FAST_MATH = YES;
				ONLY_ACTIVE_ARCH = YES;
				SDKROOT = iphoneos;
				SWIFT_ACTIVE_COMPILATION_CONDITIONS = "DEBUG $(inherited)";
				SWIFT_OPTIMIZATION_LEVEL = "-Onone";
			};
			name = Debug;
		};
		642E8B352BCBDE150080A823 /* Release */ = {
			isa = XCBuildConfiguration;
			buildSettings = {
				ALWAYS_SEARCH_USER_PATHS = NO;
				ASSETCATALOG_COMPILER_GENERATE_SWIFT_ASSET_SYMBOL_EXTENSIONS = YES;
				CLANG_ANALYZER_NONNULL = YES;
				CLANG_ANALYZER_NUMBER_OBJECT_CONVERSION = YES_AGGRESSIVE;
				CLANG_CXX_LANGUAGE_STANDARD = "gnu++20";
				CLANG_ENABLE_MODULES = YES;
				CLANG_ENABLE_OBJC_ARC = YES;
				CLANG_ENABLE_OBJC_WEAK = YES;
				CLANG_WARN_BLOCK_CAPTURE_AUTORELEASING = YES;
				CLANG_WARN_BOOL_CONVERSION = YES;
				CLANG_WARN_COMMA = YES;
				CLANG_WARN_CONSTANT_CONVERSION = YES;
				CLANG_WARN_DEPRECATED_OBJC_IMPLEMENTATIONS = YES;
				CLANG_WARN_DIRECT_OBJC_ISA_USAGE = YES_ERROR;
				CLANG_WARN_DOCUMENTATION_COMMENTS = YES;
				CLANG_WARN_EMPTY_BODY = YES;
				CLANG_WARN_ENUM_CONVERSION = YES;
				CLANG_WARN_INFINITE_RECURSION = YES;
				CLANG_WARN_INT_CONVERSION = YES;
				CLANG_WARN_NON_LITERAL_NULL_CONVERSION = YES;
				CLANG_WARN_OBJC_IMPLICIT_RETAIN_SELF = YES;
				CLANG_WARN_OBJC_LITERAL_CONVERSION = YES;
				CLANG_WARN_OBJC_ROOT_CLASS = YES_ERROR;
				CLANG_WARN_QUOTED_INCLUDE_IN_FRAMEWORK_HEADER = YES;
				CLANG_WARN_RANGE_LOOP_ANALYSIS = YES;
				CLANG_WARN_STRICT_PROTOTYPES = YES;
				CLANG_WARN_SUSPICIOUS_MOVE = YES;
				CLANG_WARN_UNGUARDED_AVAILABILITY = YES_AGGRESSIVE;
				CLANG_WARN_UNREACHABLE_CODE = YES;
				CLANG_WARN__DUPLICATE_METHOD_MATCH = YES;
				COPY_PHASE_STRIP = NO;
				DEBUG_INFORMATION_FORMAT = "dwarf-with-dsym";
				ENABLE_NS_ASSERTIONS = NO;
				ENABLE_STRICT_OBJC_MSGSEND = YES;
				ENABLE_USER_SCRIPT_SANDBOXING = YES;
				GCC_C_LANGUAGE_STANDARD = gnu17;
				GCC_NO_COMMON_BLOCKS = YES;
				GCC_WARN_64_TO_32_BIT_CONVERSION = YES;
				GCC_WARN_ABOUT_RETURN_TYPE = YES_ERROR;
				GCC_WARN_UNDECLARED_SELECTOR = YES;
				GCC_WARN_UNINITIALIZED_AUTOS = YES_AGGRESSIVE;
				GCC_WARN_UNUSED_FUNCTION = YES;
				GCC_WARN_UNUSED_VARIABLE = YES;
				IPHONEOS_DEPLOYMENT_TARGET = 17.4;
				LOCALIZATION_PREFERS_STRING_CATALOGS = YES;
				MTL_ENABLE_DEBUG_INFO = NO;
				MTL_FAST_MATH = YES;
				SDKROOT = iphoneos;
				SWIFT_COMPILATION_MODE = wholemodule;
				VALIDATE_PRODUCT = YES;
			};
			name = Release;
		};
		642E8B372BCBDE150080A823 /* Debug */ = {
			isa = XCBuildConfiguration;
			buildSettings = {
				ASSETCATALOG_COMPILER_APPICON_NAME = AppIcon;
				ASSETCATALOG_COMPILER_GLOBAL_ACCENT_COLOR_NAME = AccentColor;
				CODE_SIGN_STYLE = Automatic;
				CURRENT_PROJECT_VERSION = 1;
				DEVELOPMENT_ASSET_PATHS = "\"Landmarks/Preview Content\"";
				DEVELOPMENT_TEAM = WH894TK9DR;
				ENABLE_PREVIEWS = YES;
				GENERATE_INFOPLIST_FILE = YES;
				INFOPLIST_KEY_UIApplicationSceneManifest_Generation = YES;
				INFOPLIST_KEY_UIApplicationSupportsIndirectInputEvents = YES;
				INFOPLIST_KEY_UILaunchScreen_Generation = YES;
				INFOPLIST_KEY_UISupportedInterfaceOrientations_iPad = "UIInterfaceOrientationPortrait UIInterfaceOrientationPortraitUpsideDown UIInterfaceOrientationLandscapeLeft UIInterfaceOrientationLandscapeRight";
				INFOPLIST_KEY_UISupportedInterfaceOrientations_iPhone = "UIInterfaceOrientationPortrait UIInterfaceOrientationLandscapeLeft UIInterfaceOrientationLandscapeRight";
				IPHONEOS_DEPLOYMENT_TARGET = 17.2;
				LD_RUNPATH_SEARCH_PATHS = (
					"$(inherited)",
					"@executable_path/Frameworks",
				);
				MARKETING_VERSION = 1.0;
				PRODUCT_BUNDLE_IDENTIFIER = com.lbyachelini.Landmarks;
				PRODUCT_NAME = "$(TARGET_NAME)";
				SWIFT_EMIT_LOC_STRINGS = YES;
				SWIFT_VERSION = 5.0;
				TARGETED_DEVICE_FAMILY = "1,2";
			};
			name = Debug;
		};
		642E8B382BCBDE150080A823 /* Release */ = {
			isa = XCBuildConfiguration;
			buildSettings = {
				ASSETCATALOG_COMPILER_APPICON_NAME = AppIcon;
				ASSETCATALOG_COMPILER_GLOBAL_ACCENT_COLOR_NAME = AccentColor;
				CODE_SIGN_STYLE = Automatic;
				CURRENT_PROJECT_VERSION = 1;
				DEVELOPMENT_ASSET_PATHS = "\"Landmarks/Preview Content\"";
				DEVELOPMENT_TEAM = WH894TK9DR;
				ENABLE_PREVIEWS = YES;
				GENERATE_INFOPLIST_FILE = YES;
				INFOPLIST_KEY_UIApplicationSceneManifest_Generation = YES;
				INFOPLIST_KEY_UIApplicationSupportsIndirectInputEvents = YES;
				INFOPLIST_KEY_UILaunchScreen_Generation = YES;
				INFOPLIST_KEY_UISupportedInterfaceOrientations_iPad = "UIInterfaceOrientationPortrait UIInterfaceOrientationPortraitUpsideDown UIInterfaceOrientationLandscapeLeft UIInterfaceOrientationLandscapeRight";
				INFOPLIST_KEY_UISupportedInterfaceOrientations_iPhone = "UIInterfaceOrientationPortrait UIInterfaceOrientationLandscapeLeft UIInterfaceOrientationLandscapeRight";
				IPHONEOS_DEPLOYMENT_TARGET = 17.2;
				LD_RUNPATH_SEARCH_PATHS = (
					"$(inherited)",
					"@executable_path/Frameworks",
				);
				MARKETING_VERSION = 1.0;
				PRODUCT_BUNDLE_IDENTIFIER = com.lbyachelini.Landmarks;
				PRODUCT_NAME = "$(TARGET_NAME)";
				SWIFT_EMIT_LOC_STRINGS = YES;
				SWIFT_VERSION = 5.0;
				TARGETED_DEVICE_FAMILY = "1,2";
			};
			name = Release;
		};
/* End XCBuildConfiguration section */

/* Begin XCConfigurationList section */
		642E8B232BCBDE130080A823 /* Build configuration list for PBXProject "Landmarks" */ = {
			isa = XCConfigurationList;
			buildConfigurations = (
				642E8B342BCBDE150080A823 /* Debug */,
				642E8B352BCBDE150080A823 /* Release */,
			);
			defaultConfigurationIsVisible = 0;
			defaultConfigurationName = Release;
		};
		642E8B362BCBDE150080A823 /* Build configuration list for PBXNativeTarget "Landmarks" */ = {
			isa = XCConfigurationList;
			buildConfigurations = (
				642E8B372BCBDE150080A823 /* Debug */,
				642E8B382BCBDE150080A823 /* Release */,
			);
			defaultConfigurationIsVisible = 0;
			defaultConfigurationName = Release;
		};
/* End XCConfigurationList section */
	};
	rootObject = 642E8B202BCBDE130080A823 /* Project object */;
}
